// !$*UTF8*$!
{
	archiveVersion = 1;
	classes = {
	};
	objectVersion = 52;
	objects = {

/* Begin PBXBuildFile section */
		860F598C24438B35003722B3 /* MimiqMenu.swift in Sources */ = {isa = PBXBuildFile; fileRef = 860F598B24438B35003722B3 /* MimiqMenu.swift */; };
		8690C2FB2443606C005B671E /* SwiftKit in Frameworks */ = {isa = PBXBuildFile; productRef = 8690C2FA2443606C005B671E /* SwiftKit */; };
		86A74A2D24423C74003F3C68 /* AppDelegate.swift in Sources */ = {isa = PBXBuildFile; fileRef = 86A74A2C24423C74003F3C68 /* AppDelegate.swift */; };
		86A74A3124423C76003F3C68 /* Assets.xcassets in Resources */ = {isa = PBXBuildFile; fileRef = 86A74A3024423C76003F3C68 /* Assets.xcassets */; };
		86C0CF1224438FC80052D963 /* MimiqProcess.swift in Sources */ = {isa = PBXBuildFile; fileRef = 86C0CF1124438FC80052D963 /* MimiqProcess.swift */; };
		86C0CF1424439A2D0052D963 /* mimiq in Resources */ = {isa = PBXBuildFile; fileRef = 86C0CF1324439A2D0052D963 /* mimiq */; };
		86F2EB36244302E40026C0D5 /* main.swift in Sources */ = {isa = PBXBuildFile; fileRef = 86F2EB35244302E40026C0D5 /* main.swift */; };
/* End PBXBuildFile section */

/* Begin PBXFileReference section */
		860F598B24438B35003722B3 /* MimiqMenu.swift */ = {isa = PBXFileReference; lastKnownFileType = sourcecode.swift; path = MimiqMenu.swift; sourceTree = "<group>"; };
		86A74A2924423C74003F3C68 /* mimiq.app */ = {isa = PBXFileReference; explicitFileType = wrapper.application; includeInIndex = 0; path = mimiq.app; sourceTree = BUILT_PRODUCTS_DIR; };
		86A74A2C24423C74003F3C68 /* AppDelegate.swift */ = {isa = PBXFileReference; lastKnownFileType = sourcecode.swift; path = AppDelegate.swift; sourceTree = "<group>"; };
		86A74A3024423C76003F3C68 /* Assets.xcassets */ = {isa = PBXFileReference; lastKnownFileType = folder.assetcatalog; path = Assets.xcassets; sourceTree = "<group>"; };
		86A74A3524423C76003F3C68 /* Info.plist */ = {isa = PBXFileReference; lastKnownFileType = text.plist.xml; path = Info.plist; sourceTree = "<group>"; };
		86A74A3624423C76003F3C68 /* mimiq.entitlements */ = {isa = PBXFileReference; lastKnownFileType = text.plist.entitlements; path = mimiq.entitlements; sourceTree = "<group>"; };
		86C0CF1124438FC80052D963 /* MimiqProcess.swift */ = {isa = PBXFileReference; fileEncoding = 4; lastKnownFileType = sourcecode.swift; path = MimiqProcess.swift; sourceTree = "<group>"; };
		86C0CF1324439A2D0052D963 /* mimiq */ = {isa = PBXFileReference; lastKnownFileType = "compiled.mach-o.executable"; path = mimiq; sourceTree = "<group>"; };
		86F2EB35244302E40026C0D5 /* main.swift */ = {isa = PBXFileReference; lastKnownFileType = sourcecode.swift; path = main.swift; sourceTree = "<group>"; };
/* End PBXFileReference section */

/* Begin PBXFrameworksBuildPhase section */
		86A74A2624423C74003F3C68 /* Frameworks */ = {
			isa = PBXFrameworksBuildPhase;
			buildActionMask = 2147483647;
			files = (
				8690C2FB2443606C005B671E /* SwiftKit in Frameworks */,
			);
			runOnlyForDeploymentPostprocessing = 0;
		};
/* End PBXFrameworksBuildPhase section */

/* Begin PBXGroup section */
		86A74A2024423C74003F3C68 = {
			isa = PBXGroup;
			children = (
				86A74A2B24423C74003F3C68 /* mimiq */,
				86A74A2A24423C74003F3C68 /* Products */,
			);
			sourceTree = "<group>";
		};
		86A74A2A24423C74003F3C68 /* Products */ = {
			isa = PBXGroup;
			children = (
				86A74A2924423C74003F3C68 /* mimiq.app */,
			);
			name = Products;
			sourceTree = "<group>";
		};
		86A74A2B24423C74003F3C68 /* mimiq */ = {
			isa = PBXGroup;
			children = (
				86C0CF1324439A2D0052D963 /* mimiq */,
				86C0CF1124438FC80052D963 /* MimiqProcess.swift */,
				860F598B24438B35003722B3 /* MimiqMenu.swift */,
				86A74A2C24423C74003F3C68 /* AppDelegate.swift */,
				86A74A3024423C76003F3C68 /* Assets.xcassets */,
				86A74A3524423C76003F3C68 /* Info.plist */,
				86A74A3624423C76003F3C68 /* mimiq.entitlements */,
				86F2EB35244302E40026C0D5 /* main.swift */,
			);
			path = mimiq;
			sourceTree = "<group>";
		};
/* End PBXGroup section */

/* Begin PBXNativeTarget section */
		86A74A2824423C74003F3C68 /* mimiq */ = {
			isa = PBXNativeTarget;
			buildConfigurationList = 86A74A3924423C76003F3C68 /* Build configuration list for PBXNativeTarget "mimiq" */;
			buildPhases = (
				86A74A2524423C74003F3C68 /* Sources */,
				86A74A2624423C74003F3C68 /* Frameworks */,
				86A74A2724423C74003F3C68 /* Resources */,
			);
			buildRules = (
			);
			dependencies = (
			);
			name = mimiq;
			packageProductDependencies = (
				8690C2FA2443606C005B671E /* SwiftKit */,
			);
			productName = mimiq;
			productReference = 86A74A2924423C74003F3C68 /* mimiq.app */;
			productType = "com.apple.product-type.application";
		};
/* End PBXNativeTarget section */

/* Begin PBXProject section */
		86A74A2124423C74003F3C68 /* Project object */ = {
			isa = PBXProject;
			attributes = {
				LastSwiftUpdateCheck = 1130;
				LastUpgradeCheck = 1130;
				ORGANIZATIONNAME = "Wendy Liga";
				TargetAttributes = {
					86A74A2824423C74003F3C68 = {
						CreatedOnToolsVersion = 11.3.1;
					};
				};
			};
			buildConfigurationList = 86A74A2424423C74003F3C68 /* Build configuration list for PBXProject "mimiq" */;
			compatibilityVersion = "Xcode 9.3";
			developmentRegion = en;
			hasScannedForEncodings = 0;
			knownRegions = (
				en,
				Base,
			);
			mainGroup = 86A74A2024423C74003F3C68;
			packageReferences = (
				8690C2F92443606C005B671E /* XCRemoteSwiftPackageReference "swiftkit" */,
			);
			productRefGroup = 86A74A2A24423C74003F3C68 /* Products */;
			projectDirPath = "";
			projectRoot = "";
			targets = (
				86A74A2824423C74003F3C68 /* mimiq */,
			);
		};
/* End PBXProject section */

/* Begin PBXResourcesBuildPhase section */
		86A74A2724423C74003F3C68 /* Resources */ = {
			isa = PBXResourcesBuildPhase;
			buildActionMask = 2147483647;
			files = (
				86C0CF1424439A2D0052D963 /* mimiq in Resources */,
				86A74A3124423C76003F3C68 /* Assets.xcassets in Resources */,
			);
			runOnlyForDeploymentPostprocessing = 0;
		};
/* End PBXResourcesBuildPhase section */

/* Begin PBXSourcesBuildPhase section */
		86A74A2524423C74003F3C68 /* Sources */ = {
			isa = PBXSourcesBuildPhase;
			buildActionMask = 2147483647;
			files = (
				860F598C24438B35003722B3 /* MimiqMenu.swift in Sources */,
				86C0CF1224438FC80052D963 /* MimiqProcess.swift in Sources */,
				86A74A2D24423C74003F3C68 /* AppDelegate.swift in Sources */,
				86F2EB36244302E40026C0D5 /* main.swift in Sources */,
			);
			runOnlyForDeploymentPostprocessing = 0;
		};
/* End PBXSourcesBuildPhase section */

/* Begin XCBuildConfiguration section */
		86A74A3724423C76003F3C68 /* Debug */ = {
			isa = XCBuildConfiguration;
			buildSettings = {
				ALWAYS_SEARCH_USER_PATHS = NO;
				CLANG_ANALYZER_NONNULL = YES;
				CLANG_ANALYZER_NUMBER_OBJECT_CONVERSION = YES_AGGRESSIVE;
				CLANG_CXX_LANGUAGE_STANDARD = "gnu++14";
				CLANG_CXX_LIBRARY = "libc++";
				CLANG_ENABLE_MODULES = YES;
				CLANG_ENABLE_OBJC_ARC = YES;
				CLANG_ENABLE_OBJC_WEAK = YES;
				CLANG_WARN_BLOCK_CAPTURE_AUTORELEASING = YES;
				CLANG_WARN_BOOL_CONVERSION = YES;
				CLANG_WARN_COMMA = YES;
				CLANG_WARN_CONSTANT_CONVERSION = YES;
				CLANG_WARN_DEPRECATED_OBJC_IMPLEMENTATIONS = YES;
				CLANG_WARN_DIRECT_OBJC_ISA_USAGE = YES_ERROR;
				CLANG_WARN_DOCUMENTATION_COMMENTS = YES;
				CLANG_WARN_EMPTY_BODY = YES;
				CLANG_WARN_ENUM_CONVERSION = YES;
				CLANG_WARN_INFINITE_RECURSION = YES;
				CLANG_WARN_INT_CONVERSION = YES;
				CLANG_WARN_NON_LITERAL_NULL_CONVERSION = YES;
				CLANG_WARN_OBJC_IMPLICIT_RETAIN_SELF = YES;
				CLANG_WARN_OBJC_LITERAL_CONVERSION = YES;
				CLANG_WARN_OBJC_ROOT_CLASS = YES_ERROR;
				CLANG_WARN_RANGE_LOOP_ANALYSIS = YES;
				CLANG_WARN_STRICT_PROTOTYPES = YES;
				CLANG_WARN_SUSPICIOUS_MOVE = YES;
				CLANG_WARN_UNGUARDED_AVAILABILITY = YES_AGGRESSIVE;
				CLANG_WARN_UNREACHABLE_CODE = YES;
				CLANG_WARN__DUPLICATE_METHOD_MATCH = YES;
				COPY_PHASE_STRIP = NO;
				DEBUG_INFORMATION_FORMAT = dwarf;
				ENABLE_STRICT_OBJC_MSGSEND = YES;
				ENABLE_TESTABILITY = YES;
				GCC_C_LANGUAGE_STANDARD = gnu11;
				GCC_DYNAMIC_NO_PIC = NO;
				GCC_NO_COMMON_BLOCKS = YES;
				GCC_OPTIMIZATION_LEVEL = 0;
				GCC_PREPROCESSOR_DEFINITIONS = (
					"DEBUG=1",
					"$(inherited)",
				);
				GCC_WARN_64_TO_32_BIT_CONVERSION = YES;
				GCC_WARN_ABOUT_RETURN_TYPE = YES_ERROR;
				GCC_WARN_UNDECLARED_SELECTOR = YES;
				GCC_WARN_UNINITIALIZED_AUTOS = YES_AGGRESSIVE;
				GCC_WARN_UNUSED_FUNCTION = YES;
				GCC_WARN_UNUSED_VARIABLE = YES;
				MACOSX_DEPLOYMENT_TARGET = 10.15;
				MTL_ENABLE_DEBUG_INFO = INCLUDE_SOURCE;
				MTL_FAST_MATH = YES;
				ONLY_ACTIVE_ARCH = YES;
				SDKROOT = macosx;
				SWIFT_ACTIVE_COMPILATION_CONDITIONS = DEBUG;
				SWIFT_OPTIMIZATION_LEVEL = "-Onone";
			};
			name = Debug;
		};
		86A74A3824423C76003F3C68 /* Release */ = {
			isa = XCBuildConfiguration;
			buildSettings = {
				ALWAYS_SEARCH_USER_PATHS = NO;
				CLANG_ANALYZER_NONNULL = YES;
				CLANG_ANALYZER_NUMBER_OBJECT_CONVERSION = YES_AGGRESSIVE;
				CLANG_CXX_LANGUAGE_STANDARD = "gnu++14";
				CLANG_CXX_LIBRARY = "libc++";
				CLANG_ENABLE_MODULES = YES;
				CLANG_ENABLE_OBJC_ARC = YES;
				CLANG_ENABLE_OBJC_WEAK = YES;
				CLANG_WARN_BLOCK_CAPTURE_AUTORELEASING = YES;
				CLANG_WARN_BOOL_CONVERSION = YES;
				CLANG_WARN_COMMA = YES;
				CLANG_WARN_CONSTANT_CONVERSION = YES;
				CLANG_WARN_DEPRECATED_OBJC_IMPLEMENTATIONS = YES;
				CLANG_WARN_DIRECT_OBJC_ISA_USAGE = YES_ERROR;
				CLANG_WARN_DOCUMENTATION_COMMENTS = YES;
				CLANG_WARN_EMPTY_BODY = YES;
				CLANG_WARN_ENUM_CONVERSION = YES;
				CLANG_WARN_INFINITE_RECURSION = YES;
				CLANG_WARN_INT_CONVERSION = YES;
				CLANG_WARN_NON_LITERAL_NULL_CONVERSION = YES;
				CLANG_WARN_OBJC_IMPLICIT_RETAIN_SELF = YES;
				CLANG_WARN_OBJC_LITERAL_CONVERSION = YES;
				CLANG_WARN_OBJC_ROOT_CLASS = YES_ERROR;
				CLANG_WARN_RANGE_LOOP_ANALYSIS = YES;
				CLANG_WARN_STRICT_PROTOTYPES = YES;
				CLANG_WARN_SUSPICIOUS_MOVE = YES;
				CLANG_WARN_UNGUARDED_AVAILABILITY = YES_AGGRESSIVE;
				CLANG_WARN_UNREACHABLE_CODE = YES;
				CLANG_WARN__DUPLICATE_METHOD_MATCH = YES;
				COPY_PHASE_STRIP = NO;
				DEBUG_INFORMATION_FORMAT = "dwarf-with-dsym";
				ENABLE_NS_ASSERTIONS = NO;
				ENABLE_STRICT_OBJC_MSGSEND = YES;
				GCC_C_LANGUAGE_STANDARD = gnu11;
				GCC_NO_COMMON_BLOCKS = YES;
				GCC_WARN_64_TO_32_BIT_CONVERSION = YES;
				GCC_WARN_ABOUT_RETURN_TYPE = YES_ERROR;
				GCC_WARN_UNDECLARED_SELECTOR = YES;
				GCC_WARN_UNINITIALIZED_AUTOS = YES_AGGRESSIVE;
				GCC_WARN_UNUSED_FUNCTION = YES;
				GCC_WARN_UNUSED_VARIABLE = YES;
				MACOSX_DEPLOYMENT_TARGET = 10.15;
				MTL_ENABLE_DEBUG_INFO = NO;
				MTL_FAST_MATH = YES;
				SDKROOT = macosx;
				SWIFT_COMPILATION_MODE = wholemodule;
				SWIFT_OPTIMIZATION_LEVEL = "-O";
			};
			name = Release;
		};
		86A74A3A24423C76003F3C68 /* Debug */ = {
			isa = XCBuildConfiguration;
			buildSettings = {
				ASSETCATALOG_COMPILER_APPICON_NAME = AppIcon;
				CODE_SIGN_ENTITLEMENTS = mimiq/mimiq.entitlements;
				CODE_SIGN_STYLE = Automatic;
				COMBINE_HIDPI_IMAGES = YES;
				DEVELOPMENT_TEAM = 4B2X382W7X;
				ENABLE_HARDENED_RUNTIME = YES;
				INFOPLIST_FILE = mimiq/Info.plist;
				LD_RUNPATH_SEARCH_PATHS = (
					"$(inherited)",
					"@executable_path/../Frameworks",
				);
				PRODUCT_BUNDLE_IDENTIFIER = com.wendyliga.mimiq;
				PRODUCT_NAME = "$(TARGET_NAME)";
				SWIFT_VERSION = 5.0;
			};
			name = Debug;
		};
		86A74A3B24423C76003F3C68 /* Release */ = {
			isa = XCBuildConfiguration;
			buildSettings = {
				ASSETCATALOG_COMPILER_APPICON_NAME = AppIcon;
				CODE_SIGN_ENTITLEMENTS = mimiq/mimiq.entitlements;
				CODE_SIGN_STYLE = Automatic;
				COMBINE_HIDPI_IMAGES = YES;
				DEVELOPMENT_TEAM = 4B2X382W7X;
				ENABLE_HARDENED_RUNTIME = YES;
				INFOPLIST_FILE = mimiq/Info.plist;
				LD_RUNPATH_SEARCH_PATHS = (
					"$(inherited)",
					"@executable_path/../Frameworks",
				);
				PRODUCT_BUNDLE_IDENTIFIER = com.wendyliga.mimiq;
				PRODUCT_NAME = "$(TARGET_NAME)";
				SWIFT_VERSION = 5.0;
			};
			name = Release;
		};
/* End XCBuildConfiguration section */

/* Begin XCConfigurationList section */
		86A74A2424423C74003F3C68 /* Build configuration list for PBXProject "mimiq" */ = {
			isa = XCConfigurationList;
			buildConfigurations = (
				86A74A3724423C76003F3C68 /* Debug */,
				86A74A3824423C76003F3C68 /* Release */,
			);
			defaultConfigurationIsVisible = 0;
			defaultConfigurationName = Release;
		};
		86A74A3924423C76003F3C68 /* Build configuration list for PBXNativeTarget "mimiq" */ = {
			isa = XCConfigurationList;
			buildConfigurations = (
				86A74A3A24423C76003F3C68 /* Debug */,
				86A74A3B24423C76003F3C68 /* Release */,
			);
			defaultConfigurationIsVisible = 0;
			defaultConfigurationName = Release;
		};
/* End XCConfigurationList section */

/* Begin XCRemoteSwiftPackageReference section */
		8690C2F92443606C005B671E /* XCRemoteSwiftPackageReference "swiftkit" */ = {
			isa = XCRemoteSwiftPackageReference;
			repositoryURL = "https://github.com/wendyliga/swiftkit";
			requirement = {
				kind = upToNextMajorVersion;
				minimumVersion = 2.0.1;
			};
		};
/* End XCRemoteSwiftPackageReference section */

/* Begin XCSwiftPackageProductDependency section */
		8690C2FA2443606C005B671E /* SwiftKit */ = {
			isa = XCSwiftPackageProductDependency;
			package = 8690C2F92443606C005B671E /* XCRemoteSwiftPackageReference "swiftkit" */;
			productName = SwiftKit;
		};
/* End XCSwiftPackageProductDependency section */
	};
	rootObject = 86A74A2124423C74003F3C68 /* Project object */;
}
